version = 1
requires-python = ">=3.10"

[[package]]
name = "filecheck"
version = "1.0.3"
source = { registry = "https://pypi.org/simple" }
sdist = { url = "https://files.pythonhosted.org/packages/1e/1c/10167ce597b4badb548cd8f70c7d8f36fdefafa41ba50e19f1a6a775708d/filecheck-1.0.3.tar.gz", hash = "sha256:ccb70500858e8f362f06d5c3e33c9c133785543ade50ddbeb9390681991f1b05", size = 20060 }
wheels = [
    { url = "https://files.pythonhosted.org/packages/5c/40/69ca9ea803303e14301fff9d4931b6d080b9603e134df0419c55e9764df4/filecheck-1.0.3-py3-none-any.whl", hash = "sha256:1427d0e82d9c5209ec5cd9fb65745cae16d3003f800321f3c29f4b0729e68a19", size = 23943 },
]

[[package]]
name = "lit"
version = "18.1.8"
source = { registry = "https://pypi.org/simple" }
sdist = { url = "https://files.pythonhosted.org/packages/47/b4/d7e210971494db7b9a9ac48ff37dfa59a8b14c773f9cf47e6bda58411c0d/lit-18.1.8.tar.gz", hash = "sha256:47c174a186941ae830f04ded76a3444600be67d5e5fb8282c3783fba671c4edb", size = 161127 }
wheels = [
    { url = "https://files.pythonhosted.org/packages/96/06/b36f150fa7c5bcc96a31a4d19a20fddbd1d965b6f02510b57a3bb8d4b930/lit-18.1.8-py3-none-any.whl", hash = "sha256:a873ff7acd76e746368da32eb7355625e2e55a2baaab884c9cc130f2ee0300f7", size = 96365 },
]

[[package]]
name = "veir-dev"
version = "0.0.0"
source = { virtual = "." }
dependencies = [
    { name = "filecheck" },
    { name = "lit" },
]

[package.metadata]
requires-dist = [
    { name = "filecheck" },
    { name = "lit" },
]
